
Microsoft Visual Studio Solution File, Format Version 12.00
# Visual Studio 15
VisualStudioVersion = 15.0.27428.2037
MinimumVisualStudioVersion = 10.0.40219.1
Project("{FAE04EC0-301F-11D3-BF4B-00C04F79EFBC}") = "Vidly", "Vidly\Vidly.csproj", "{FFCA356E-EA66-4249-9C65-CAE0056504DB}"
EndProject
Global
	GlobalSection(SolutionConfigurationPlatforms) = preSolution
		Debug|Any CPU = Debug|Any CPU
		Release|Any CPU = Release|Any CPU
	EndGlobalSection
	GlobalSection(ProjectConfigurationPlatforms) = postSolution
		{FFCA356E-EA66-4249-9C65-CAE0056504DB}.Debug|Any CPU.ActiveCfg = Debug|Any CPU
		{FFCA356E-EA66-4249-9C65-CAE0056504DB}.Debug|Any CPU.Build.0 = Debug|Any CPU
		{FFCA356E-EA66-4249-9C65-CAE0056504DB}.Release|Any CPU.ActiveCfg = Release|Any CPU
		{FFCA356E-EA66-4249-9C65-CAE0056504DB}.Release|Any CPU.Build.0 = Release|Any CPU
	EndGlobalSection
	GlobalSection(SolutionProperties) = preSolution
		HideSolutionNode = FALSE
	EndGlobalSection
	GlobalSection(ExtensibilityGlobals) = postSolution
		SolutionGuid = {51ADB06B-672C-44A8-B38C-EBC7CE9381FD}
	EndGlobalSection
EndGlobal
